
Microsoft Visual Studio Solution File, Format Version 12.00
# Visual Studio Version 17
VisualStudioVersion = 17.7.34031.279
MinimumVisualStudioVersion = 10.0.40219.1
Project("{FAE04EC0-301F-11D3-BF4B-00C04F79EFBC}") = "Warehouse", "Warehouse\Warehouse.csproj", "{A9882178-F34F-4982-96FF-EB672EFCB3EF}"
EndProject
Global
	GlobalSection(SolutionConfigurationPlatforms) = preSolution
		Debug|Any CPU = Debug|Any CPU
		Release|Any CPU = Release|Any CPU
	EndGlobalSection
	GlobalSection(ProjectConfigurationPlatforms) = postSolution
		{A9882178-F34F-4982-96FF-EB672EFCB3EF}.Debug|Any CPU.ActiveCfg = Debug|Any CPU
		{A9882178-F34F-4982-96FF-EB672EFCB3EF}.Debug|Any CPU.Build.0 = Debug|Any CPU
		{A9882178-F34F-4982-96FF-EB672EFCB3EF}.Release|Any CPU.ActiveCfg = Release|Any CPU
		{A9882178-F34F-4982-96FF-EB672EFCB3EF}.Release|Any CPU.Build.0 = Release|Any CPU
	EndGlobalSection
	GlobalSection(SolutionProperties) = preSolution
		HideSolutionNode = FALSE
	EndGlobalSection
	GlobalSection(ExtensibilityGlobals) = postSolution
		SolutionGuid = {EF370921-3566-4183-BE24-8C131C303ED5}
	EndGlobalSection
EndGlobal
